// !$*UTF8*$!
{
	archiveVersion = 1;
	classes = {
	};
	objectVersion = 46;
	objects = {

/* Begin PBXBuildFile section */
		52CBAEBA1E5C8744001E9A9D /* main.m in Sources */ = {isa = PBXBuildFile; fileRef = 52CBAEB91E5C8744001E9A9D /* main.m */; };
		52CBAEC21E5C87A1001E9A9D /* SECSVPrimeFinder.m in Sources */ = {isa = PBXBuildFile; fileRef = 52CBAEC11E5C87A1001E9A9D /* SECSVPrimeFinder.m */; };
		52CBAEC51E5CCE97001E9A9D /* SEGMPPrimeProbe.c in Sources */ = {isa = PBXBuildFile; fileRef = 52CBAEC31E5CCE97001E9A9D /* SEGMPPrimeProbe.c */; };
		52CBAECC1E5CE82B001E9A9D /* NSArray+SECSVExt.m in Sources */ = {isa = PBXBuildFile; fileRef = 52CBAECB1E5CE82B001E9A9D /* NSArray+SECSVExt.m */; };
/* End PBXBuildFile section */

/* Begin PBXCopyFilesBuildPhase section */
		52CBAEB41E5C8744001E9A9D /* CopyFiles */ = {
			isa = PBXCopyFilesBuildPhase;
			buildActionMask = 2147483647;
			dstPath = /usr/share/man/man1/;
			dstSubfolderSpec = 0;
			files = (
			);
			runOnlyForDeploymentPostprocessing = 1;
		};
/* End PBXCopyFilesBuildPhase section */

/* Begin PBXFileReference section */
		52CBAEB61E5C8744001E9A9D /* CSVPrimeFinder */ = {isa = PBXFileReference; explicitFileType = "compiled.mach-o.executable"; includeInIndex = 0; path = CSVPrimeFinder; sourceTree = BUILT_PRODUCTS_DIR; };
		52CBAEB91E5C8744001E9A9D /* main.m */ = {isa = PBXFileReference; lastKnownFileType = sourcecode.c.objc; path = main.m; sourceTree = "<group>"; };
		52CBAEC01E5C87A1001E9A9D /* SECSVPrimeFinder.h */ = {isa = PBXFileReference; fileEncoding = 4; lastKnownFileType = sourcecode.c.h; path = SECSVPrimeFinder.h; sourceTree = "<group>"; };
		52CBAEC11E5C87A1001E9A9D /* SECSVPrimeFinder.m */ = {isa = PBXFileReference; fileEncoding = 4; lastKnownFileType = sourcecode.c.objc; path = SECSVPrimeFinder.m; sourceTree = "<group>"; };
		52CBAEC31E5CCE97001E9A9D /* SEGMPPrimeProbe.c */ = {isa = PBXFileReference; fileEncoding = 4; lastKnownFileType = sourcecode.c.c; path = SEGMPPrimeProbe.c; sourceTree = "<group>"; };
		52CBAEC41E5CCE97001E9A9D /* SEGMPPrimeProbe.h */ = {isa = PBXFileReference; fileEncoding = 4; lastKnownFileType = sourcecode.c.h; path = SEGMPPrimeProbe.h; sourceTree = "<group>"; };
		52CBAECA1E5CE82B001E9A9D /* NSArray+SECSVExt.h */ = {isa = PBXFileReference; fileEncoding = 4; lastKnownFileType = sourcecode.c.h; path = "NSArray+SECSVExt.h"; sourceTree = "<group>"; };
		52CBAECB1E5CE82B001E9A9D /* NSArray+SECSVExt.m */ = {isa = PBXFileReference; fileEncoding = 4; lastKnownFileType = sourcecode.c.objc; path = "NSArray+SECSVExt.m"; sourceTree = "<group>"; };
/* End PBXFileReference section */

/* Begin PBXFrameworksBuildPhase section */
		52CBAEB31E5C8744001E9A9D /* Frameworks */ = {
			isa = PBXFrameworksBuildPhase;
			buildActionMask = 2147483647;
			files = (
			);
			runOnlyForDeploymentPostprocessing = 0;
		};
/* End PBXFrameworksBuildPhase section */

/* Begin PBXGroup section */
		52CBAEAD1E5C8744001E9A9D = {
			isa = PBXGroup;
			children = (
				52CBAEB81E5C8744001E9A9D /* CSVPrimeFinder */,
				52CBAEB71E5C8744001E9A9D /* Products */,
			);
			sourceTree = "<group>";
		};
		52CBAEB71E5C8744001E9A9D /* Products */ = {
			isa = PBXGroup;
			children = (
				52CBAEB61E5C8744001E9A9D /* CSVPrimeFinder */,
			);
			name = Products;
			sourceTree = "<group>";
		};
		52CBAEB81E5C8744001E9A9D /* CSVPrimeFinder */ = {
			isa = PBXGroup;
			children = (
				52CBAEB91E5C8744001E9A9D /* main.m */,
				52CBAEC01E5C87A1001E9A9D /* SECSVPrimeFinder.h */,
				52CBAEC11E5C87A1001E9A9D /* SECSVPrimeFinder.m */,
				52CBAEC31E5CCE97001E9A9D /* SEGMPPrimeProbe.c */,
				52CBAEC41E5CCE97001E9A9D /* SEGMPPrimeProbe.h */,
				52CBAECA1E5CE82B001E9A9D /* NSArray+SECSVExt.h */,
				52CBAECB1E5CE82B001E9A9D /* NSArray+SECSVExt.m */,
			);
			path = CSVPrimeFinder;
			sourceTree = "<group>";
		};
/* End PBXGroup section */

/* Begin PBXNativeTarget section */
		52CBAEB51E5C8744001E9A9D /* CSVPrimeFinder */ = {
			isa = PBXNativeTarget;
			buildConfigurationList = 52CBAEBD1E5C8744001E9A9D /* Build configuration list for PBXNativeTarget "CSVPrimeFinder" */;
			buildPhases = (
				52CBAEB21E5C8744001E9A9D /* Sources */,
				52CBAEB31E5C8744001E9A9D /* Frameworks */,
				52CBAEB41E5C8744001E9A9D /* CopyFiles */,
			);
			buildRules = (
			);
			dependencies = (
			);
			name = CSVPrimeFinder;
			productName = CSVPrimeFinder;
			productReference = 52CBAEB61E5C8744001E9A9D /* CSVPrimeFinder */;
			productType = "com.apple.product-type.tool";
		};
/* End PBXNativeTarget section */

/* Begin PBXProject section */
		52CBAEAE1E5C8744001E9A9D /* Project object */ = {
			isa = PBXProject;
			attributes = {
				LastUpgradeCheck = 0820;
				ORGANIZATIONNAME = "Sergei Epatov";
				TargetAttributes = {
					52CBAEB51E5C8744001E9A9D = {
						CreatedOnToolsVersion = 8.2;
						ProvisioningStyle = Automatic;
					};
				};
			};
			buildConfigurationList = 52CBAEB11E5C8744001E9A9D /* Build configuration list for PBXProject "CSVPrimeFinder" */;
			compatibilityVersion = "Xcode 3.2";
			developmentRegion = English;
			hasScannedForEncodings = 0;
			knownRegions = (
				en,
			);
			mainGroup = 52CBAEAD1E5C8744001E9A9D;
			productRefGroup = 52CBAEB71E5C8744001E9A9D /* Products */;
			projectDirPath = "";
			projectRoot = "";
			targets = (
				52CBAEB51E5C8744001E9A9D /* CSVPrimeFinder */,
			);
		};
/* End PBXProject section */

/* Begin PBXSourcesBuildPhase section */
		52CBAEB21E5C8744001E9A9D /* Sources */ = {
			isa = PBXSourcesBuildPhase;
			buildActionMask = 2147483647;
			files = (
				52CBAEC21E5C87A1001E9A9D /* SECSVPrimeFinder.m in Sources */,
				52CBAECC1E5CE82B001E9A9D /* NSArray+SECSVExt.m in Sources */,
				52CBAEC51E5CCE97001E9A9D /* SEGMPPrimeProbe.c in Sources */,
				52CBAEBA1E5C8744001E9A9D /* main.m in Sources */,
			);
			runOnlyForDeploymentPostprocessing = 0;
		};
/* End PBXSourcesBuildPhase section */

/* Begin XCBuildConfiguration section */
		52CBAEBB1E5C8744001E9A9D /* Debug */ = {
			isa = XCBuildConfiguration;
			buildSettings = {
				ALWAYS_SEARCH_USER_PATHS = NO;
				CLANG_ANALYZER_NONNULL = YES;
				CLANG_CXX_LANGUAGE_STANDARD = "gnu++0x";
				CLANG_CXX_LIBRARY = "libc++";
				CLANG_ENABLE_MODULES = YES;
				CLANG_ENABLE_OBJC_ARC = YES;
				CLANG_WARN_BOOL_CONVERSION = YES;
				CLANG_WARN_CONSTANT_CONVERSION = YES;
				CLANG_WARN_DIRECT_OBJC_ISA_USAGE = YES_ERROR;
				CLANG_WARN_DOCUMENTATION_COMMENTS = YES;
				CLANG_WARN_EMPTY_BODY = YES;
				CLANG_WARN_ENUM_CONVERSION = YES;
				CLANG_WARN_INFINITE_RECURSION = YES;
				CLANG_WARN_INT_CONVERSION = YES;
				CLANG_WARN_OBJC_ROOT_CLASS = YES_ERROR;
				CLANG_WARN_SUSPICIOUS_MOVE = YES;
				CLANG_WARN_UNREACHABLE_CODE = YES;
				CLANG_WARN__DUPLICATE_METHOD_MATCH = YES;
				CODE_SIGN_IDENTITY = "-";
				COPY_PHASE_STRIP = NO;
				DEBUG_INFORMATION_FORMAT = dwarf;
				ENABLE_STRICT_OBJC_MSGSEND = YES;
				ENABLE_TESTABILITY = YES;
				GCC_C_LANGUAGE_STANDARD = gnu99;
				GCC_DYNAMIC_NO_PIC = NO;
				GCC_NO_COMMON_BLOCKS = YES;
				GCC_OPTIMIZATION_LEVEL = 0;
				GCC_PREPROCESSOR_DEFINITIONS = (
					"DEBUG=1",
					"$(inherited)",
				);
				GCC_WARN_64_TO_32_BIT_CONVERSION = YES;
				GCC_WARN_ABOUT_RETURN_TYPE = YES_ERROR;
				GCC_WARN_UNDECLARED_SELECTOR = YES;
				GCC_WARN_UNINITIALIZED_AUTOS = YES_AGGRESSIVE;
				GCC_WARN_UNUSED_FUNCTION = YES;
				GCC_WARN_UNUSED_VARIABLE = YES;
				HEADER_SEARCH_PATHS = /usr/local/include;
				LIBRARY_SEARCH_PATHS = /usr/local/lib;
				MACOSX_DEPLOYMENT_TARGET = 10.12;
				MTL_ENABLE_DEBUG_INFO = YES;
				ONLY_ACTIVE_ARCH = YES;
				OTHER_LDFLAGS = "-lgmp";
				SDKROOT = macosx;
			};
			name = Debug;
		};
		52CBAEBC1E5C8744001E9A9D /* Release */ = {
			isa = XCBuildConfiguration;
			buildSettings = {
				ALWAYS_SEARCH_USER_PATHS = NO;
				CLANG_ANALYZER_NONNULL = YES;
				CLANG_CXX_LANGUAGE_STANDARD = "gnu++0x";
				CLANG_CXX_LIBRARY = "libc++";
				CLANG_ENABLE_MODULES = YES;
				CLANG_ENABLE_OBJC_ARC = YES;
				CLANG_WARN_BOOL_CONVERSION = YES;
				CLANG_WARN_CONSTANT_CONVERSION = YES;
				CLANG_WARN_DIRECT_OBJC_ISA_USAGE = YES_ERROR;
				CLANG_WARN_DOCUMENTATION_COMMENTS = YES;
				CLANG_WARN_EMPTY_BODY = YES;
				CLANG_WARN_ENUM_CONVERSION = YES;
				CLANG_WARN_INFINITE_RECURSION = YES;
				CLANG_WARN_INT_CONVERSION = YES;
				CLANG_WARN_OBJC_ROOT_CLASS = YES_ERROR;
				CLANG_WARN_SUSPICIOUS_MOVE = YES;
				CLANG_WARN_UNREACHABLE_CODE = YES;
				CLANG_WARN__DUPLICATE_METHOD_MATCH = YES;
				CODE_SIGN_IDENTITY = "-";
				COPY_PHASE_STRIP = NO;
				DEBUG_INFORMATION_FORMAT = "dwarf-with-dsym";
				ENABLE_NS_ASSERTIONS = NO;
				ENABLE_STRICT_OBJC_MSGSEND = YES;
				GCC_C_LANGUAGE_STANDARD = gnu99;
				GCC_NO_COMMON_BLOCKS = YES;
				GCC_WARN_64_TO_32_BIT_CONVERSION = YES;
				GCC_WARN_ABOUT_RETURN_TYPE = YES_ERROR;
				GCC_WARN_UNDECLARED_SELECTOR = YES;
				GCC_WARN_UNINITIALIZED_AUTOS = YES_AGGRESSIVE;
				GCC_WARN_UNUSED_FUNCTION = YES;
				GCC_WARN_UNUSED_VARIABLE = YES;
				HEADER_SEARCH_PATHS = /usr/local/include;
				LIBRARY_SEARCH_PATHS = /usr/local/lib;
				MACOSX_DEPLOYMENT_TARGET = 10.12;
				MTL_ENABLE_DEBUG_INFO = NO;
				OTHER_LDFLAGS = "-lgmp";
				SDKROOT = macosx;
			};
			name = Release;
		};
		52CBAEBE1E5C8744001E9A9D /* Debug */ = {
			isa = XCBuildConfiguration;
			buildSettings = {
				PRODUCT_NAME = "$(TARGET_NAME)";
			};
			name = Debug;
		};
		52CBAEBF1E5C8744001E9A9D /* Release */ = {
			isa = XCBuildConfiguration;
			buildSettings = {
				PRODUCT_NAME = "$(TARGET_NAME)";
			};
			name = Release;
		};
/* End XCBuildConfiguration section */

/* Begin XCConfigurationList section */
		52CBAEB11E5C8744001E9A9D /* Build configuration list for PBXProject "CSVPrimeFinder" */ = {
			isa = XCConfigurationList;
			buildConfigurations = (
				52CBAEBB1E5C8744001E9A9D /* Debug */,
				52CBAEBC1E5C8744001E9A9D /* Release */,
			);
			defaultConfigurationIsVisible = 0;
			defaultConfigurationName = Release;
		};
		52CBAEBD1E5C8744001E9A9D /* Build configuration list for PBXNativeTarget "CSVPrimeFinder" */ = {
			isa = XCConfigurationList;
			buildConfigurations = (
				52CBAEBE1E5C8744001E9A9D /* Debug */,
				52CBAEBF1E5C8744001E9A9D /* Release */,
			);
			defaultConfigurationIsVisible = 0;
		};
/* End XCConfigurationList section */
	};
	rootObject = 52CBAEAE1E5C8744001E9A9D /* Project object */;
}
